// !$*UTF8*$!
{
	archiveVersion = 1;
	classes = {
	};
	objectVersion = 46;
	objects = {

/* Begin PBXBuildFile section */
		2C7505291D05F49500A6AAE0 /* GoogleMobileAds.framework in Frameworks */ = {isa = PBXBuildFile; fileRef = 2C7505201D05F49500A6AAE0 /* GoogleMobileAds.framework */; };
		2C75052A1D05F49500A6AAE0 /* README.txt in Resources */ = {isa = PBXBuildFile; fileRef = 2C7505281D05F49500A6AAE0 /* README.txt */; };
		2C75052C1D05F56D00A6AAE0 /* AdSupport.framework in Frameworks */ = {isa = PBXBuildFile; fileRef = 2C75052B1D05F56D00A6AAE0 /* AdSupport.framework */; };
		2C75052E1D05F59100A6AAE0 /* AudioToolbox.framework in Frameworks */ = {isa = PBXBuildFile; fileRef = 2C75052D1D05F59100A6AAE0 /* AudioToolbox.framework */; };
		2C7505301D05F59B00A6AAE0 /* AVFoundation.framework in Frameworks */ = {isa = PBXBuildFile; fileRef = 2C75052F1D05F59B00A6AAE0 /* AVFoundation.framework */; };
		2C7505341D05F5AA00A6AAE0 /* CoreGraphics.framework in Frameworks */ = {isa = PBXBuildFile; fileRef = 2C7505311D05F5AA00A6AAE0 /* CoreGraphics.framework */; };
		2C7505351D05F5AA00A6AAE0 /* CoreMedia.framework in Frameworks */ = {isa = PBXBuildFile; fileRef = 2C7505321D05F5AA00A6AAE0 /* CoreMedia.framework */; };
		2C7505361D05F5AA00A6AAE0 /* CoreTelephony.framework in Frameworks */ = {isa = PBXBuildFile; fileRef = 2C7505331D05F5AA00A6AAE0 /* CoreTelephony.framework */; };
		2C7505391D05F5B600A6AAE0 /* EventKit.framework in Frameworks */ = {isa = PBXBuildFile; fileRef = 2C7505371D05F5B600A6AAE0 /* EventKit.framework */; };
		2C75053A1D05F5B600A6AAE0 /* EventKitUI.framework in Frameworks */ = {isa = PBXBuildFile; fileRef = 2C7505381D05F5B600A6AAE0 /* EventKitUI.framework */; };
		2C75053C1D05F5C000A6AAE0 /* MediaPlayer.framework in Frameworks */ = {isa = PBXBuildFile; fileRef = 2C75053B1D05F5C000A6AAE0 /* MediaPlayer.framework */; };
		2C75053E1D05F5C600A6AAE0 /* MessageUI.framework in Frameworks */ = {isa = PBXBuildFile; fileRef = 2C75053D1D05F5C600A6AAE0 /* MessageUI.framework */; };
		2C7505401D05F5D000A6AAE0 /* StoreKit.framework in Frameworks */ = {isa = PBXBuildFile; fileRef = 2C75053F1D05F5D000A6AAE0 /* StoreKit.framework */; };
		2C7505421D05F5D500A6AAE0 /* SystemConfiguration.framework in Frameworks */ = {isa = PBXBuildFile; fileRef = 2C7505411D05F5D500A6AAE0 /* SystemConfiguration.framework */; };
		5E9F29711BE6A326005DBBEB /* AppDelegate.swift in Sources */ = {isa = PBXBuildFile; fileRef = 5E9F29701BE6A326005DBBEB /* AppDelegate.swift */; };
		5E9F29731BE6A326005DBBEB /* ViewController.swift in Sources */ = {isa = PBXBuildFile; fileRef = 5E9F29721BE6A326005DBBEB /* ViewController.swift */; };
		5E9F29761BE6A326005DBBEB /* Main.storyboard in Resources */ = {isa = PBXBuildFile; fileRef = 5E9F29741BE6A326005DBBEB /* Main.storyboard */; };
		5E9F29781BE6A326005DBBEB /* Assets.xcassets in Resources */ = {isa = PBXBuildFile; fileRef = 5E9F29771BE6A326005DBBEB /* Assets.xcassets */; };
		5E9F297B1BE6A326005DBBEB /* LaunchScreen.storyboard in Resources */ = {isa = PBXBuildFile; fileRef = 5E9F29791BE6A326005DBBEB /* LaunchScreen.storyboard */; };
		5EE3E5CF1C0393380063DBA9 /* KidsWithShapesTests.swift in Sources */ = {isa = PBXBuildFile; fileRef = 5EE3E5CE1C0393380063DBA9 /* KidsWithShapesTests.swift */; };
		5EE3E5D91C03943C0063DBA9 /* Shape.swift in Sources */ = {isa = PBXBuildFile; fileRef = 5EE3E5D81C03943C0063DBA9 /* Shape.swift */; };
/* End PBXBuildFile section */

/* Begin PBXContainerItemProxy section */
		5EE3E5D11C0393380063DBA9 /* PBXContainerItemProxy */ = {
			isa = PBXContainerItemProxy;
			containerPortal = 5E9F29651BE6A326005DBBEB /* Project object */;
			proxyType = 1;
			remoteGlobalIDString = 5E9F296C1BE6A326005DBBEB;
			remoteInfo = KidsWithShapes;
		};
/* End PBXContainerItemProxy section */

/* Begin PBXFileReference section */
		2C7505201D05F49500A6AAE0 /* GoogleMobileAds.framework */ = {isa = PBXFileReference; lastKnownFileType = wrapper.framework; path = GoogleMobileAds.framework; sourceTree = "<group>"; };
		2C7505221D05F49500A6AAE0 /* GADMAdNetworkAdapterProtocol.h */ = {isa = PBXFileReference; fileEncoding = 4; lastKnownFileType = sourcecode.c.h; path = GADMAdNetworkAdapterProtocol.h; sourceTree = "<group>"; };
		2C7505231D05F49500A6AAE0 /* GADMAdNetworkConnectorProtocol.h */ = {isa = PBXFileReference; fileEncoding = 4; lastKnownFileType = sourcecode.c.h; path = GADMAdNetworkConnectorProtocol.h; sourceTree = "<group>"; };
		2C7505241D05F49500A6AAE0 /* GADMediationAdRequest.h */ = {isa = PBXFileReference; fileEncoding = 4; lastKnownFileType = sourcecode.c.h; path = GADMediationAdRequest.h; sourceTree = "<group>"; };
		2C7505251D05F49500A6AAE0 /* GADMEnums.h */ = {isa = PBXFileReference; fileEncoding = 4; lastKnownFileType = sourcecode.c.h; path = GADMEnums.h; sourceTree = "<group>"; };
		2C7505261D05F49500A6AAE0 /* GADMRewardBasedVideoAdNetworkAdapterProtocol.h */ = {isa = PBXFileReference; fileEncoding = 4; lastKnownFileType = sourcecode.c.h; path = GADMRewardBasedVideoAdNetworkAdapterProtocol.h; sourceTree = "<group>"; };
		2C7505271D05F49500A6AAE0 /* GADMRewardBasedVideoAdNetworkConnectorProtocol.h */ = {isa = PBXFileReference; fileEncoding = 4; lastKnownFileType = sourcecode.c.h; path = GADMRewardBasedVideoAdNetworkConnectorProtocol.h; sourceTree = "<group>"; };
		2C7505281D05F49500A6AAE0 /* README.txt */ = {isa = PBXFileReference; fileEncoding = 4; lastKnownFileType = text; path = README.txt; sourceTree = "<group>"; };
		2C75052B1D05F56D00A6AAE0 /* AdSupport.framework */ = {isa = PBXFileReference; lastKnownFileType = wrapper.framework; name = AdSupport.framework; path = System/Library/Frameworks/AdSupport.framework; sourceTree = SDKROOT; };
		2C75052D1D05F59100A6AAE0 /* AudioToolbox.framework */ = {isa = PBXFileReference; lastKnownFileType = wrapper.framework; name = AudioToolbox.framework; path = System/Library/Frameworks/AudioToolbox.framework; sourceTree = SDKROOT; };
		2C75052F1D05F59B00A6AAE0 /* AVFoundation.framework */ = {isa = PBXFileReference; lastKnownFileType = wrapper.framework; name = AVFoundation.framework; path = System/Library/Frameworks/AVFoundation.framework; sourceTree = SDKROOT; };
		2C7505311D05F5AA00A6AAE0 /* CoreGraphics.framework */ = {isa = PBXFileReference; lastKnownFileType = wrapper.framework; name = CoreGraphics.framework; path = System/Library/Frameworks/CoreGraphics.framework; sourceTree = SDKROOT; };
		2C7505321D05F5AA00A6AAE0 /* CoreMedia.framework */ = {isa = PBXFileReference; lastKnownFileType = wrapper.framework; name = CoreMedia.framework; path = System/Library/Frameworks/CoreMedia.framework; sourceTree = SDKROOT; };
		2C7505331D05F5AA00A6AAE0 /* CoreTelephony.framework */ = {isa = PBXFileReference; lastKnownFileType = wrapper.framework; name = CoreTelephony.framework; path = System/Library/Frameworks/CoreTelephony.framework; sourceTree = SDKROOT; };
		2C7505371D05F5B600A6AAE0 /* EventKit.framework */ = {isa = PBXFileReference; lastKnownFileType = wrapper.framework; name = EventKit.framework; path = System/Library/Frameworks/EventKit.framework; sourceTree = SDKROOT; };
		2C7505381D05F5B600A6AAE0 /* EventKitUI.framework */ = {isa = PBXFileReference; lastKnownFileType = wrapper.framework; name = EventKitUI.framework; path = System/Library/Frameworks/EventKitUI.framework; sourceTree = SDKROOT; };
		2C75053B1D05F5C000A6AAE0 /* MediaPlayer.framework */ = {isa = PBXFileReference; lastKnownFileType = wrapper.framework; name = MediaPlayer.framework; path = System/Library/Frameworks/MediaPlayer.framework; sourceTree = SDKROOT; };
		2C75053D1D05F5C600A6AAE0 /* MessageUI.framework */ = {isa = PBXFileReference; lastKnownFileType = wrapper.framework; name = MessageUI.framework; path = System/Library/Frameworks/MessageUI.framework; sourceTree = SDKROOT; };
		2C75053F1D05F5D000A6AAE0 /* StoreKit.framework */ = {isa = PBXFileReference; lastKnownFileType = wrapper.framework; name = StoreKit.framework; path = System/Library/Frameworks/StoreKit.framework; sourceTree = SDKROOT; };
		2C7505411D05F5D500A6AAE0 /* SystemConfiguration.framework */ = {isa = PBXFileReference; lastKnownFileType = wrapper.framework; name = SystemConfiguration.framework; path = System/Library/Frameworks/SystemConfiguration.framework; sourceTree = SDKROOT; };
		5E9F296D1BE6A326005DBBEB /* KidsWithShapes.app */ = {isa = PBXFileReference; explicitFileType = wrapper.application; includeInIndex = 0; path = KidsWithShapes.app; sourceTree = BUILT_PRODUCTS_DIR; };
		5E9F29701BE6A326005DBBEB /* AppDelegate.swift */ = {isa = PBXFileReference; lastKnownFileType = sourcecode.swift; path = AppDelegate.swift; sourceTree = "<group>"; };
		5E9F29721BE6A326005DBBEB /* ViewController.swift */ = {isa = PBXFileReference; lastKnownFileType = sourcecode.swift; path = ViewController.swift; sourceTree = "<group>"; };
		5E9F29751BE6A326005DBBEB /* Base */ = {isa = PBXFileReference; lastKnownFileType = file.storyboard; name = Base; path = Base.lproj/Main.storyboard; sourceTree = "<group>"; };
		5E9F29771BE6A326005DBBEB /* Assets.xcassets */ = {isa = PBXFileReference; lastKnownFileType = folder.assetcatalog; path = Assets.xcassets; sourceTree = "<group>"; };
		5E9F297A1BE6A326005DBBEB /* Base */ = {isa = PBXFileReference; lastKnownFileType = file.storyboard; name = Base; path = Base.lproj/LaunchScreen.storyboard; sourceTree = "<group>"; };
		5E9F297C1BE6A326005DBBEB /* Info.plist */ = {isa = PBXFileReference; lastKnownFileType = text.plist.xml; path = Info.plist; sourceTree = "<group>"; };
		5EE3E5CC1C0393380063DBA9 /* KidsWithShapesTests.xctest */ = {isa = PBXFileReference; explicitFileType = wrapper.cfbundle; includeInIndex = 0; path = KidsWithShapesTests.xctest; sourceTree = BUILT_PRODUCTS_DIR; };
		5EE3E5CE1C0393380063DBA9 /* KidsWithShapesTests.swift */ = {isa = PBXFileReference; lastKnownFileType = sourcecode.swift; path = KidsWithShapesTests.swift; sourceTree = "<group>"; };
		5EE3E5D01C0393380063DBA9 /* Info.plist */ = {isa = PBXFileReference; lastKnownFileType = text.plist.xml; path = Info.plist; sourceTree = "<group>"; };
		5EE3E5D81C03943C0063DBA9 /* Shape.swift */ = {isa = PBXFileReference; fileEncoding = 4; lastKnownFileType = sourcecode.swift; path = Shape.swift; sourceTree = "<group>"; };
/* End PBXFileReference section */

/* Begin PBXFrameworksBuildPhase section */
		5E9F296A1BE6A326005DBBEB /* Frameworks */ = {
			isa = PBXFrameworksBuildPhase;
			buildActionMask = 2147483647;
			files = (
				2C7505421D05F5D500A6AAE0 /* SystemConfiguration.framework in Frameworks */,
				2C7505401D05F5D000A6AAE0 /* StoreKit.framework in Frameworks */,
				2C75053E1D05F5C600A6AAE0 /* MessageUI.framework in Frameworks */,
				2C75053C1D05F5C000A6AAE0 /* MediaPlayer.framework in Frameworks */,
				2C7505391D05F5B600A6AAE0 /* EventKit.framework in Frameworks */,
				2C75053A1D05F5B600A6AAE0 /* EventKitUI.framework in Frameworks */,
				2C7505341D05F5AA00A6AAE0 /* CoreGraphics.framework in Frameworks */,
				2C7505351D05F5AA00A6AAE0 /* CoreMedia.framework in Frameworks */,
				2C7505361D05F5AA00A6AAE0 /* CoreTelephony.framework in Frameworks */,
				2C7505301D05F59B00A6AAE0 /* AVFoundation.framework in Frameworks */,
				2C75052E1D05F59100A6AAE0 /* AudioToolbox.framework in Frameworks */,
				2C75052C1D05F56D00A6AAE0 /* AdSupport.framework in Frameworks */,
				2C7505291D05F49500A6AAE0 /* GoogleMobileAds.framework in Frameworks */,
			);
			runOnlyForDeploymentPostprocessing = 0;
		};
		5EE3E5C91C0393380063DBA9 /* Frameworks */ = {
			isa = PBXFrameworksBuildPhase;
			buildActionMask = 2147483647;
			files = (
			);
			runOnlyForDeploymentPostprocessing = 0;
		};
/* End PBXFrameworksBuildPhase section */

/* Begin PBXGroup section */
		2C75051F1D05F48900A6AAE0 /* AdMob */ = {
			isa = PBXGroup;
			children = (
				2C7505201D05F49500A6AAE0 /* GoogleMobileAds.framework */,
				2C7505211D05F49500A6AAE0 /* Mediation Adapters */,
			);
			name = AdMob;
			sourceTree = "<group>";
		};
		2C7505211D05F49500A6AAE0 /* Mediation Adapters */ = {
			isa = PBXGroup;
			children = (
				2C7505221D05F49500A6AAE0 /* GADMAdNetworkAdapterProtocol.h */,
				2C7505231D05F49500A6AAE0 /* GADMAdNetworkConnectorProtocol.h */,
				2C7505241D05F49500A6AAE0 /* GADMediationAdRequest.h */,
				2C7505251D05F49500A6AAE0 /* GADMEnums.h */,
				2C7505261D05F49500A6AAE0 /* GADMRewardBasedVideoAdNetworkAdapterProtocol.h */,
				2C7505271D05F49500A6AAE0 /* GADMRewardBasedVideoAdNetworkConnectorProtocol.h */,
				2C7505281D05F49500A6AAE0 /* README.txt */,
			);
			path = "Mediation Adapters";
			sourceTree = "<group>";
		};
		2C7505431D05F5DB00A6AAE0 /* Frameworks */ = {
			isa = PBXGroup;
			children = (
				2C7505411D05F5D500A6AAE0 /* SystemConfiguration.framework */,
				2C75053F1D05F5D000A6AAE0 /* StoreKit.framework */,
				2C75053D1D05F5C600A6AAE0 /* MessageUI.framework */,
				2C75053B1D05F5C000A6AAE0 /* MediaPlayer.framework */,
				2C7505371D05F5B600A6AAE0 /* EventKit.framework */,
				2C7505381D05F5B600A6AAE0 /* EventKitUI.framework */,
				2C7505311D05F5AA00A6AAE0 /* CoreGraphics.framework */,
				2C7505321D05F5AA00A6AAE0 /* CoreMedia.framework */,
				2C7505331D05F5AA00A6AAE0 /* CoreTelephony.framework */,
				2C75052F1D05F59B00A6AAE0 /* AVFoundation.framework */,
				2C75052D1D05F59100A6AAE0 /* AudioToolbox.framework */,
				2C75052B1D05F56D00A6AAE0 /* AdSupport.framework */,
			);
			name = Frameworks;
			sourceTree = "<group>";
		};
		5E9F29641BE6A326005DBBEB = {
			isa = PBXGroup;
			children = (
				2C7505431D05F5DB00A6AAE0 /* Frameworks */,
				5E9F296F1BE6A326005DBBEB /* KidsWithShapes */,
				5EE3E5CD1C0393380063DBA9 /* KidsWithShapesTests */,
				5E9F296E1BE6A326005DBBEB /* Products */,
			);
			sourceTree = "<group>";
		};
		5E9F296E1BE6A326005DBBEB /* Products */ = {
			isa = PBXGroup;
			children = (
				5E9F296D1BE6A326005DBBEB /* KidsWithShapes.app */,
				5EE3E5CC1C0393380063DBA9 /* KidsWithShapesTests.xctest */,
			);
			name = Products;
			sourceTree = "<group>";
		};
		5E9F296F1BE6A326005DBBEB /* KidsWithShapes */ = {
			isa = PBXGroup;
			children = (
				2C75051F1D05F48900A6AAE0 /* AdMob */,
				5E9F29701BE6A326005DBBEB /* AppDelegate.swift */,
				5E9F29721BE6A326005DBBEB /* ViewController.swift */,
				5EE3E5D81C03943C0063DBA9 /* Shape.swift */,
				5E9F29741BE6A326005DBBEB /* Main.storyboard */,
				5E9F29771BE6A326005DBBEB /* Assets.xcassets */,
				5E9F29791BE6A326005DBBEB /* LaunchScreen.storyboard */,
				5E9F297C1BE6A326005DBBEB /* Info.plist */,
			);
			path = KidsWithShapes;
			sourceTree = "<group>";
		};
		5EE3E5CD1C0393380063DBA9 /* KidsWithShapesTests */ = {
			isa = PBXGroup;
			children = (
				5EE3E5CE1C0393380063DBA9 /* KidsWithShapesTests.swift */,
				5EE3E5D01C0393380063DBA9 /* Info.plist */,
			);
			path = KidsWithShapesTests;
			sourceTree = "<group>";
		};
/* End PBXGroup section */

/* Begin PBXNativeTarget section */
		5E9F296C1BE6A326005DBBEB /* KidsWithShapes */ = {
			isa = PBXNativeTarget;
			buildConfigurationList = 5E9F297F1BE6A326005DBBEB /* Build configuration list for PBXNativeTarget "KidsWithShapes" */;
			buildPhases = (
				5E9F29691BE6A326005DBBEB /* Sources */,
				5E9F296A1BE6A326005DBBEB /* Frameworks */,
				5E9F296B1BE6A326005DBBEB /* Resources */,
			);
			buildRules = (
			);
			dependencies = (
			);
			name = KidsWithShapes;
			productName = KidsWithShapes;
			productReference = 5E9F296D1BE6A326005DBBEB /* KidsWithShapes.app */;
			productType = "com.apple.product-type.application";
		};
		5EE3E5CB1C0393380063DBA9 /* KidsWithShapesTests */ = {
			isa = PBXNativeTarget;
			buildConfigurationList = 5EE3E5D31C0393380063DBA9 /* Build configuration list for PBXNativeTarget "KidsWithShapesTests" */;
			buildPhases = (
				5EE3E5C81C0393380063DBA9 /* Sources */,
				5EE3E5C91C0393380063DBA9 /* Frameworks */,
				5EE3E5CA1C0393380063DBA9 /* Resources */,
			);
			buildRules = (
			);
			dependencies = (
				5EE3E5D21C0393380063DBA9 /* PBXTargetDependency */,
			);
			name = KidsWithShapesTests;
			productName = KidsWithShapesTests;
			productReference = 5EE3E5CC1C0393380063DBA9 /* KidsWithShapesTests.xctest */;
			productType = "com.apple.product-type.bundle.unit-test";
		};
/* End PBXNativeTarget section */

/* Begin PBXProject section */
		5E9F29651BE6A326005DBBEB /* Project object */ = {
			isa = PBXProject;
			attributes = {
				LastSwiftUpdateCheck = 0710;
				LastUpgradeCheck = 0710;
				ORGANIZATIONNAME = "Graisorn Soisakhoo";
				TargetAttributes = {
					5E9F296C1BE6A326005DBBEB = {
						CreatedOnToolsVersion = 7.1;
						DevelopmentTeam = TK4LN4TVU3;
					};
					5EE3E5CB1C0393380063DBA9 = {
						CreatedOnToolsVersion = 7.1.1;
						TestTargetID = 5E9F296C1BE6A326005DBBEB;
					};
				};
			};
			buildConfigurationList = 5E9F29681BE6A326005DBBEB /* Build configuration list for PBXProject "KidsWithShapes" */;
			compatibilityVersion = "Xcode 3.2";
			developmentRegion = English;
			hasScannedForEncodings = 0;
			knownRegions = (
				en,
				Base,
			);
			mainGroup = 5E9F29641BE6A326005DBBEB;
			productRefGroup = 5E9F296E1BE6A326005DBBEB /* Products */;
			projectDirPath = "";
			projectRoot = "";
			targets = (
				5E9F296C1BE6A326005DBBEB /* KidsWithShapes */,
				5EE3E5CB1C0393380063DBA9 /* KidsWithShapesTests */,
			);
		};
/* End PBXProject section */

/* Begin PBXResourcesBuildPhase section */
		5E9F296B1BE6A326005DBBEB /* Resources */ = {
			isa = PBXResourcesBuildPhase;
			buildActionMask = 2147483647;
			files = (
				5E9F297B1BE6A326005DBBEB /* LaunchScreen.storyboard in Resources */,
				5E9F29781BE6A326005DBBEB /* Assets.xcassets in Resources */,
				2C75052A1D05F49500A6AAE0 /* README.txt in Resources */,
				5E9F29761BE6A326005DBBEB /* Main.storyboard in Resources */,
			);
			runOnlyForDeploymentPostprocessing = 0;
		};
		5EE3E5CA1C0393380063DBA9 /* Resources */ = {
			isa = PBXResourcesBuildPhase;
			buildActionMask = 2147483647;
			files = (
			);
			runOnlyForDeploymentPostprocessing = 0;
		};
/* End PBXResourcesBuildPhase section */

/* Begin PBXSourcesBuildPhase section */
		5E9F29691BE6A326005DBBEB /* Sources */ = {
			isa = PBXSourcesBuildPhase;
			buildActionMask = 2147483647;
			files = (
				5E9F29731BE6A326005DBBEB /* ViewController.swift in Sources */,
				5EE3E5D91C03943C0063DBA9 /* Shape.swift in Sources */,
				5E9F29711BE6A326005DBBEB /* AppDelegate.swift in Sources */,
			);
			runOnlyForDeploymentPostprocessing = 0;
		};
		5EE3E5C81C0393380063DBA9 /* Sources */ = {
			isa = PBXSourcesBuildPhase;
			buildActionMask = 2147483647;
			files = (
				5EE3E5CF1C0393380063DBA9 /* KidsWithShapesTests.swift in Sources */,
			);
			runOnlyForDeploymentPostprocessing = 0;
		};
/* End PBXSourcesBuildPhase section */

/* Begin PBXTargetDependency section */
		5EE3E5D21C0393380063DBA9 /* PBXTargetDependency */ = {
			isa = PBXTargetDependency;
			target = 5E9F296C1BE6A326005DBBEB /* KidsWithShapes */;
			targetProxy = 5EE3E5D11C0393380063DBA9 /* PBXContainerItemProxy */;
		};
/* End PBXTargetDependency section */

/* Begin PBXVariantGroup section */
		5E9F29741BE6A326005DBBEB /* Main.storyboard */ = {
			isa = PBXVariantGroup;
			children = (
				5E9F29751BE6A326005DBBEB /* Base */,
			);
			name = Main.storyboard;
			sourceTree = "<group>";
		};
		5E9F29791BE6A326005DBBEB /* LaunchScreen.storyboard */ = {
			isa = PBXVariantGroup;
			children = (
				5E9F297A1BE6A326005DBBEB /* Base */,
			);
			name = LaunchScreen.storyboard;
			sourceTree = "<group>";
		};
/* End PBXVariantGroup section */

/* Begin XCBuildConfiguration section */
		5E9F297D1BE6A326005DBBEB /* Debug */ = {
			isa = XCBuildConfiguration;
			buildSettings = {
				ALWAYS_SEARCH_USER_PATHS = NO;
				CLANG_CXX_LANGUAGE_STANDARD = "gnu++0x";
				CLANG_CXX_LIBRARY = "libc++";
				CLANG_ENABLE_MODULES = YES;
				CLANG_ENABLE_OBJC_ARC = YES;
				CLANG_WARN_BOOL_CONVERSION = YES;
				CLANG_WARN_CONSTANT_CONVERSION = YES;
				CLANG_WARN_DIRECT_OBJC_ISA_USAGE = YES_ERROR;
				CLANG_WARN_EMPTY_BODY = YES;
				CLANG_WARN_ENUM_CONVERSION = YES;
				CLANG_WARN_INT_CONVERSION = YES;
				CLANG_WARN_OBJC_ROOT_CLASS = YES_ERROR;
				CLANG_WARN_UNREACHABLE_CODE = YES;
				CLANG_WARN__DUPLICATE_METHOD_MATCH = YES;
				"CODE_SIGN_IDENTITY[sdk=iphoneos*]" = "iPhone Developer";
				COPY_PHASE_STRIP = NO;
				DEBUG_INFORMATION_FORMAT = dwarf;
				ENABLE_STRICT_OBJC_MSGSEND = YES;
				ENABLE_TESTABILITY = YES;
				GCC_C_LANGUAGE_STANDARD = gnu99;
				GCC_DYNAMIC_NO_PIC = NO;
				GCC_NO_COMMON_BLOCKS = YES;
				GCC_OPTIMIZATION_LEVEL = 0;
				GCC_PREPROCESSOR_DEFINITIONS = (
					"DEBUG=1",
					"$(inherited)",
				);
				GCC_WARN_64_TO_32_BIT_CONVERSION = YES;
				GCC_WARN_ABOUT_RETURN_TYPE = YES_ERROR;
				GCC_WARN_UNDECLARED_SELECTOR = YES;
				GCC_WARN_UNINITIALIZED_AUTOS = YES_AGGRESSIVE;
				GCC_WARN_UNUSED_FUNCTION = YES;
				GCC_WARN_UNUSED_VARIABLE = YES;
				IPHONEOS_DEPLOYMENT_TARGET = 9.1;
				MTL_ENABLE_DEBUG_INFO = YES;
				ONLY_ACTIVE_ARCH = YES;
				SDKROOT = iphoneos;
				SWIFT_OPTIMIZATION_LEVEL = "-Onone";
				TARGETED_DEVICE_FAMILY = 2;
			};
			name = Debug;
		};
		5E9F297E1BE6A326005DBBEB /* Release */ = {
			isa = XCBuildConfiguration;
			buildSettings = {
				ALWAYS_SEARCH_USER_PATHS = NO;
				CLANG_CXX_LANGUAGE_STANDARD = "gnu++0x";
				CLANG_CXX_LIBRARY = "libc++";
				CLANG_ENABLE_MODULES = YES;
				CLANG_ENABLE_OBJC_ARC = YES;
				CLANG_WARN_BOOL_CONVERSION = YES;
				CLANG_WARN_CONSTANT_CONVERSION = YES;
				CLANG_WARN_DIRECT_OBJC_ISA_USAGE = YES_ERROR;
				CLANG_WARN_EMPTY_BODY = YES;
				CLANG_WARN_ENUM_CONVERSION = YES;
				CLANG_WARN_INT_CONVERSION = YES;
				CLANG_WARN_OBJC_ROOT_CLASS = YES_ERROR;
				CLANG_WARN_UNREACHABLE_CODE = YES;
				CLANG_WARN__DUPLICATE_METHOD_MATCH = YES;
				"CODE_SIGN_IDENTITY[sdk=iphoneos*]" = "iPhone Developer";
				COPY_PHASE_STRIP = NO;
				DEBUG_INFORMATION_FORMAT = "dwarf-with-dsym";
				ENABLE_NS_ASSERTIONS = NO;
				ENABLE_STRICT_OBJC_MSGSEND = YES;
				GCC_C_LANGUAGE_STANDARD = gnu99;
				GCC_NO_COMMON_BLOCKS = YES;
				GCC_WARN_64_TO_32_BIT_CONVERSION = YES;
				GCC_WARN_ABOUT_RETURN_TYPE = YES_ERROR;
				GCC_WARN_UNDECLARED_SELECTOR = YES;
				GCC_WARN_UNINITIALIZED_AUTOS = YES_AGGRESSIVE;
				GCC_WARN_UNUSED_FUNCTION = YES;
				GCC_WARN_UNUSED_VARIABLE = YES;
				IPHONEOS_DEPLOYMENT_TARGET = 9.1;
				MTL_ENABLE_DEBUG_INFO = NO;
				SDKROOT = iphoneos;
				TARGETED_DEVICE_FAMILY = 2;
				VALIDATE_PRODUCT = YES;
			};
			name = Release;
		};
		5E9F29801BE6A326005DBBEB /* Debug */ = {
			isa = XCBuildConfiguration;
			buildSettings = {
				ASSETCATALOG_COMPILER_APPICON_NAME = AppIcon;
				CODE_SIGN_IDENTITY = "iPhone Developer";
				"CODE_SIGN_IDENTITY[sdk=iphoneos*]" = "iPhone Developer";
				FRAMEWORK_SEARCH_PATHS = (
					"$(inherited)",
					"$(PROJECT_DIR)/KidsWithShapes",
				);
				INFOPLIST_FILE = KidsWithShapes/Info.plist;
				LD_RUNPATH_SEARCH_PATHS = "$(inherited) @executable_path/Frameworks";
				PRODUCT_BUNDLE_IDENTIFIER = uks.laa.kidswithshapes;
				PRODUCT_NAME = "$(TARGET_NAME)";
				PROVISIONING_PROFILE = "";
			};
			name = Debug;
		};
		5E9F29811BE6A326005DBBEB /* Release */ = {
			isa = XCBuildConfiguration;
			buildSettings = {
				ASSETCATALOG_COMPILER_APPICON_NAME = AppIcon;
				CODE_SIGN_IDENTITY = "iPhone Developer";
				"CODE_SIGN_IDENTITY[sdk=iphoneos*]" = "iPhone Developer";
				FRAMEWORK_SEARCH_PATHS = (
					"$(inherited)",
					"$(PROJECT_DIR)/KidsWithShapes",
				);
				INFOPLIST_FILE = KidsWithShapes/Info.plist;
				LD_RUNPATH_SEARCH_PATHS = "$(inherited) @executable_path/Frameworks";
				PRODUCT_BUNDLE_IDENTIFIER = uks.laa.kidswithshapes;
				PRODUCT_NAME = "$(TARGET_NAME)";
				PROVISIONING_PROFILE = "";
			};
			name = Release;
		};
		5EE3E5D41C0393380063DBA9 /* Debug */ = {
			isa = XCBuildConfiguration;
			buildSettings = {
				BUNDLE_LOADER = "$(TEST_HOST)";
				INFOPLIST_FILE = KidsWithShapesTests/Info.plist;
				LD_RUNPATH_SEARCH_PATHS = "$(inherited) @executable_path/Frameworks @loader_path/Frameworks";
				PRODUCT_BUNDLE_IDENTIFIER = LAA.KidsWithShapesTests;
				PRODUCT_NAME = "$(TARGET_NAME)";
				TEST_HOST = "$(BUILT_PRODUCTS_DIR)/KidsWithShapes.app/KidsWithShapes";
			};
			name = Debug;
		};
		5EE3E5D51C0393380063DBA9 /* Release */ = {
			isa = XCBuildConfiguration;
			buildSettings = {
				BUNDLE_LOADER = "$(TEST_HOST)";
				INFOPLIST_FILE = KidsWithShapesTests/Info.plist;
				LD_RUNPATH_SEARCH_PATHS = "$(inherited) @executable_path/Frameworks @loader_path/Frameworks";
				PRODUCT_BUNDLE_IDENTIFIER = LAA.KidsWithShapesTests;
				PRODUCT_NAME = "$(TARGET_NAME)";
				TEST_HOST = "$(BUILT_PRODUCTS_DIR)/KidsWithShapes.app/KidsWithShapes";
			};
			name = Release;
		};
/* End XCBuildConfiguration section */

/* Begin XCConfigurationList section */
		5E9F29681BE6A326005DBBEB /* Build configuration list for PBXProject "KidsWithShapes" */ = {
			isa = XCConfigurationList;
			buildConfigurations = (
				5E9F297D1BE6A326005DBBEB /* Debug */,
				5E9F297E1BE6A326005DBBEB /* Release */,
			);
			defaultConfigurationIsVisible = 0;
			defaultConfigurationName = Release;
		};
		5E9F297F1BE6A326005DBBEB /* Build configuration list for PBXNativeTarget "KidsWithShapes" */ = {
			isa = XCConfigurationList;
			buildConfigurations = (
				5E9F29801BE6A326005DBBEB /* Debug */,
				5E9F29811BE6A326005DBBEB /* Release */,
			);
			defaultConfigurationIsVisible = 0;
			defaultConfigurationName = Release;
		};
		5EE3E5D31C0393380063DBA9 /* Build configuration list for PBXNativeTarget "KidsWithShapesTests" */ = {
			isa = XCConfigurationList;
			buildConfigurations = (
				5EE3E5D41C0393380063DBA9 /* Debug */,
				5EE3E5D51C0393380063DBA9 /* Release */,
			);
			defaultConfigurationIsVisible = 0;
			defaultConfigurationName = Release;
		};
/* End XCConfigurationList section */
	};
	rootObject = 5E9F29651BE6A326005DBBEB /* Project object */;
}
